
Microsoft Visual Studio Solution File, Format Version 12.00
Project("{FAE04EC0-301F-11D3-BF4B-00C04F79EFBC}") = "Donguler for loop break continue", "Donguler for loop break continue\Donguler for loop break continue.csproj", "{5AABAC09-CF45-49F1-AAB6-D9422DF0A11C}"
EndProject
Global
	GlobalSection(SolutionConfigurationPlatforms) = preSolution
		Debug|Any CPU = Debug|Any CPU
		Release|Any CPU = Release|Any CPU
	EndGlobalSection
	GlobalSection(ProjectConfigurationPlatforms) = postSolution
		{5AABAC09-CF45-49F1-AAB6-D9422DF0A11C}.Debug|Any CPU.ActiveCfg = Debug|Any CPU
		{5AABAC09-CF45-49F1-AAB6-D9422DF0A11C}.Debug|Any CPU.Build.0 = Debug|Any CPU
		{5AABAC09-CF45-49F1-AAB6-D9422DF0A11C}.Release|Any CPU.ActiveCfg = Release|Any CPU
		{5AABAC09-CF45-49F1-AAB6-D9422DF0A11C}.Release|Any CPU.Build.0 = Release|Any CPU
	EndGlobalSection
EndGlobal
